
Microsoft Visual Studio Solution File, Format Version 12.00
Project("{2150E333-8FDC-42A3-9474-1A3956D46DE8}") = "Samples", "Samples", "{584D4964-5DF5-48ED-BBC8-BEBFC189DF0E}"
EndProject
Project("{FAE04EC0-301F-11D3-BF4B-00C04F79EFBC}") = "Sample.AspNetCore", "src\Samples\Sample.AspNetCore\Sample.AspNetCore.csproj", "{B490F809-3477-4C29-8846-2851DE917AA4}"
EndProject
Project("{FAE04EC0-301F-11D3-BF4B-00C04F79EFBC}") = "TypeForge.Cli", "src\TypeForge.Cli\TypeForge.Cli.csproj", "{23234BBE-7FC5-4312-AC43-092F0FEF4F37}"
EndProject
Project("{FAE04EC0-301F-11D3-BF4B-00C04F79EFBC}") = "TypeForge.Core", "src\TypeForge.Core\TypeForge.Core.csproj", "{2B5FD6F3-1C6A-4781-A163-AB4CD2019867}"
EndProject
Project("{FAE04EC0-301F-11D3-BF4B-00C04F79EFBC}") = "TypeForge.AspNetCore", "src\TypeForge.AspNetCore\TypeForge.AspNetCore.csproj", "{AAAC3A6F-6930-45D0-87FA-6D5CC5A24FB4}"
EndProject
Project("{2150E333-8FDC-42A3-9474-1A3956D46DE8}") = "src", "src", "{3D4D3057-1C72-49E5-8D7B-5ED7270D10B7}"
EndProject
Project("{2150E333-8FDC-42A3-9474-1A3956D46DE8}") = "tests", "tests", "{40509040-2CE8-4B3E-BAA5-F9F3DA677C8B}"
EndProject
Project("{FAE04EC0-301F-11D3-BF4B-00C04F79EFBC}") = "TypeForge.Core.Tests", "tests\TypeForge.Core.Tests\TypeForge.Core.Tests.csproj", "{5FC6AB9E-D243-4A05-9286-BBA2124D686F}"
EndProject
Global
	GlobalSection(SolutionConfigurationPlatforms) = preSolution
		Debug|Any CPU = Debug|Any CPU
		Release|Any CPU = Release|Any CPU
	EndGlobalSection
	GlobalSection(ProjectConfigurationPlatforms) = postSolution
		{B490F809-3477-4C29-8846-2851DE917AA4}.Debug|Any CPU.ActiveCfg = Debug|Any CPU
		{B490F809-3477-4C29-8846-2851DE917AA4}.Debug|Any CPU.Build.0 = Debug|Any CPU
		{B490F809-3477-4C29-8846-2851DE917AA4}.Release|Any CPU.ActiveCfg = Release|Any CPU
		{B490F809-3477-4C29-8846-2851DE917AA4}.Release|Any CPU.Build.0 = Release|Any CPU
		{23234BBE-7FC5-4312-AC43-092F0FEF4F37}.Debug|Any CPU.ActiveCfg = Debug|Any CPU
		{23234BBE-7FC5-4312-AC43-092F0FEF4F37}.Debug|Any CPU.Build.0 = Debug|Any CPU
		{23234BBE-7FC5-4312-AC43-092F0FEF4F37}.Release|Any CPU.ActiveCfg = Release|Any CPU
		{23234BBE-7FC5-4312-AC43-092F0FEF4F37}.Release|Any CPU.Build.0 = Release|Any CPU
		{2B5FD6F3-1C6A-4781-A163-AB4CD2019867}.Debug|Any CPU.ActiveCfg = Debug|Any CPU
		{2B5FD6F3-1C6A-4781-A163-AB4CD2019867}.Debug|Any CPU.Build.0 = Debug|Any CPU
		{2B5FD6F3-1C6A-4781-A163-AB4CD2019867}.Release|Any CPU.ActiveCfg = Release|Any CPU
		{2B5FD6F3-1C6A-4781-A163-AB4CD2019867}.Release|Any CPU.Build.0 = Release|Any CPU
		{AAAC3A6F-6930-45D0-87FA-6D5CC5A24FB4}.Debug|Any CPU.ActiveCfg = Debug|Any CPU
		{AAAC3A6F-6930-45D0-87FA-6D5CC5A24FB4}.Debug|Any CPU.Build.0 = Debug|Any CPU
		{AAAC3A6F-6930-45D0-87FA-6D5CC5A24FB4}.Release|Any CPU.ActiveCfg = Release|Any CPU
		{AAAC3A6F-6930-45D0-87FA-6D5CC5A24FB4}.Release|Any CPU.Build.0 = Release|Any CPU
		{5FC6AB9E-D243-4A05-9286-BBA2124D686F}.Debug|Any CPU.ActiveCfg = Debug|Any CPU
		{5FC6AB9E-D243-4A05-9286-BBA2124D686F}.Debug|Any CPU.Build.0 = Debug|Any CPU
		{5FC6AB9E-D243-4A05-9286-BBA2124D686F}.Release|Any CPU.ActiveCfg = Release|Any CPU
		{5FC6AB9E-D243-4A05-9286-BBA2124D686F}.Release|Any CPU.Build.0 = Release|Any CPU
	EndGlobalSection
	GlobalSection(NestedProjects) = preSolution
		{B490F809-3477-4C29-8846-2851DE917AA4} = {584D4964-5DF5-48ED-BBC8-BEBFC189DF0E}
		{584D4964-5DF5-48ED-BBC8-BEBFC189DF0E} = {3D4D3057-1C72-49E5-8D7B-5ED7270D10B7}
		{AAAC3A6F-6930-45D0-87FA-6D5CC5A24FB4} = {3D4D3057-1C72-49E5-8D7B-5ED7270D10B7}
		{23234BBE-7FC5-4312-AC43-092F0FEF4F37} = {3D4D3057-1C72-49E5-8D7B-5ED7270D10B7}
		{2B5FD6F3-1C6A-4781-A163-AB4CD2019867} = {3D4D3057-1C72-49E5-8D7B-5ED7270D10B7}
		{5FC6AB9E-D243-4A05-9286-BBA2124D686F} = {40509040-2CE8-4B3E-BAA5-F9F3DA677C8B}
	EndGlobalSection
EndGlobal
